
Microsoft Visual Studio Solution File, Format Version 12.00
# Visual Studio Version 17
VisualStudioVersion = 17.10.35027.167
MinimumVisualStudioVersion = 10.0.40219.1
Project("{FAE04EC0-301F-11D3-BF4B-00C04F79EFBC}") = "RefAndOutKetword_08_12", "RefAndOutKetword_08_12\RefAndOutKetword_08_12.csproj", "{BB73D4DD-FCEC-4879-B29B-64F94C8F8F41}"
EndProject
Global
	GlobalSection(SolutionConfigurationPlatforms) = preSolution
		Debug|Any CPU = Debug|Any CPU
		Release|Any CPU = Release|Any CPU
	EndGlobalSection
	GlobalSection(ProjectConfigurationPlatforms) = postSolution
		{BB73D4DD-FCEC-4879-B29B-64F94C8F8F41}.Debug|Any CPU.ActiveCfg = Debug|Any CPU
		{BB73D4DD-FCEC-4879-B29B-64F94C8F8F41}.Debug|Any CPU.Build.0 = Debug|Any CPU
		{BB73D4DD-FCEC-4879-B29B-64F94C8F8F41}.Release|Any CPU.ActiveCfg = Release|Any CPU
		{BB73D4DD-FCEC-4879-B29B-64F94C8F8F41}.Release|Any CPU.Build.0 = Release|Any CPU
	EndGlobalSection
	GlobalSection(SolutionProperties) = preSolution
		HideSolutionNode = FALSE
	EndGlobalSection
	GlobalSection(ExtensibilityGlobals) = postSolution
		SolutionGuid = {EF3C6361-5ECD-4C78-A8A6-C0F73228404A}
	EndGlobalSection
EndGlobal
