
Microsoft Visual Studio Solution File, Format Version 12.00
# Visual Studio Version 17
VisualStudioVersion = 17.10.35027.167
MinimumVisualStudioVersion = 10.0.40219.1
Project("{FAE04EC0-301F-11D3-BF4B-00C04F79EFBC}") = "string_operation", "string_operation\string_operation.csproj", "{2A4ACA76-462F-4299-A02E-949732C41237}"
EndProject
Global
	GlobalSection(SolutionConfigurationPlatforms) = preSolution
		Debug|Any CPU = Debug|Any CPU
		Release|Any CPU = Release|Any CPU
	EndGlobalSection
	GlobalSection(ProjectConfigurationPlatforms) = postSolution
		{2A4ACA76-462F-4299-A02E-949732C41237}.Debug|Any CPU.ActiveCfg = Debug|Any CPU
		{2A4ACA76-462F-4299-A02E-949732C41237}.Debug|Any CPU.Build.0 = Debug|Any CPU
		{2A4ACA76-462F-4299-A02E-949732C41237}.Release|Any CPU.ActiveCfg = Release|Any CPU
		{2A4ACA76-462F-4299-A02E-949732C41237}.Release|Any CPU.Build.0 = Release|Any CPU
	EndGlobalSection
	GlobalSection(SolutionProperties) = preSolution
		HideSolutionNode = FALSE
	EndGlobalSection
	GlobalSection(ExtensibilityGlobals) = postSolution
		SolutionGuid = {F2DE5A57-FC94-4C97-B2A9-6B2051993B1F}
	EndGlobalSection
EndGlobal
