
Microsoft Visual Studio Solution File, Format Version 12.00
# Visual Studio Version 17
VisualStudioVersion = 17.10.35027.167
MinimumVisualStudioVersion = 10.0.40219.1
Project("{FAE04EC0-301F-11D3-BF4B-00C04F79EFBC}") = "StackEx_08_08", "StackEx_08_08\StackEx_08_08.csproj", "{0E9F09CF-475E-4EE2-8819-E965A5BD25AC}"
EndProject
Global
	GlobalSection(SolutionConfigurationPlatforms) = preSolution
		Debug|Any CPU = Debug|Any CPU
		Release|Any CPU = Release|Any CPU
	EndGlobalSection
	GlobalSection(ProjectConfigurationPlatforms) = postSolution
		{0E9F09CF-475E-4EE2-8819-E965A5BD25AC}.Debug|Any CPU.ActiveCfg = Debug|Any CPU
		{0E9F09CF-475E-4EE2-8819-E965A5BD25AC}.Debug|Any CPU.Build.0 = Debug|Any CPU
		{0E9F09CF-475E-4EE2-8819-E965A5BD25AC}.Release|Any CPU.ActiveCfg = Release|Any CPU
		{0E9F09CF-475E-4EE2-8819-E965A5BD25AC}.Release|Any CPU.Build.0 = Release|Any CPU
	EndGlobalSection
	GlobalSection(SolutionProperties) = preSolution
		HideSolutionNode = FALSE
	EndGlobalSection
	GlobalSection(ExtensibilityGlobals) = postSolution
		SolutionGuid = {46F7A03F-2313-41D0-9672-F97F616300B4}
	EndGlobalSection
EndGlobal
