
Microsoft Visual Studio Solution File, Format Version 12.00
# Visual Studio Version 17
VisualStudioVersion = 17.10.35027.167
MinimumVisualStudioVersion = 10.0.40219.1
Project("{FAE04EC0-301F-11D3-BF4B-00C04F79EFBC}") = "IComparableAndIComparer_08_08", "IComparableAndIComparer_08_08\IComparableAndIComparer_08_08.csproj", "{087814F7-EAE1-40EB-A4D9-6913E6AC3225}"
EndProject
Global
	GlobalSection(SolutionConfigurationPlatforms) = preSolution
		Debug|Any CPU = Debug|Any CPU
		Release|Any CPU = Release|Any CPU
	EndGlobalSection
	GlobalSection(ProjectConfigurationPlatforms) = postSolution
		{087814F7-EAE1-40EB-A4D9-6913E6AC3225}.Debug|Any CPU.ActiveCfg = Debug|Any CPU
		{087814F7-EAE1-40EB-A4D9-6913E6AC3225}.Debug|Any CPU.Build.0 = Debug|Any CPU
		{087814F7-EAE1-40EB-A4D9-6913E6AC3225}.Release|Any CPU.ActiveCfg = Release|Any CPU
		{087814F7-EAE1-40EB-A4D9-6913E6AC3225}.Release|Any CPU.Build.0 = Release|Any CPU
	EndGlobalSection
	GlobalSection(SolutionProperties) = preSolution
		HideSolutionNode = FALSE
	EndGlobalSection
	GlobalSection(ExtensibilityGlobals) = postSolution
		SolutionGuid = {E12048B7-3DBF-421A-95CB-06C437318E8F}
	EndGlobalSection
EndGlobal
