
Microsoft Visual Studio Solution File, Format Version 12.00
# Visual Studio Version 17
VisualStudioVersion = 17.10.35027.167
MinimumVisualStudioVersion = 10.0.40219.1
Project("{FAE04EC0-301F-11D3-BF4B-00C04F79EFBC}") = "inputFromUser", "inputFromUser\inputFromUser.csproj", "{5531F98E-E125-4181-98B6-1C954542AD32}"
EndProject
Global
	GlobalSection(SolutionConfigurationPlatforms) = preSolution
		Debug|Any CPU = Debug|Any CPU
		Release|Any CPU = Release|Any CPU
	EndGlobalSection
	GlobalSection(ProjectConfigurationPlatforms) = postSolution
		{5531F98E-E125-4181-98B6-1C954542AD32}.Debug|Any CPU.ActiveCfg = Debug|Any CPU
		{5531F98E-E125-4181-98B6-1C954542AD32}.Debug|Any CPU.Build.0 = Debug|Any CPU
		{5531F98E-E125-4181-98B6-1C954542AD32}.Release|Any CPU.ActiveCfg = Release|Any CPU
		{5531F98E-E125-4181-98B6-1C954542AD32}.Release|Any CPU.Build.0 = Release|Any CPU
	EndGlobalSection
	GlobalSection(SolutionProperties) = preSolution
		HideSolutionNode = FALSE
	EndGlobalSection
	GlobalSection(ExtensibilityGlobals) = postSolution
		SolutionGuid = {E9D9A6FC-5573-4B3C-8860-D45CB646E025}
	EndGlobalSection
EndGlobal
