
Microsoft Visual Studio Solution File, Format Version 12.00
# Visual Studio Version 17
VisualStudioVersion = 17.10.35027.167
MinimumVisualStudioVersion = 10.0.40219.1
Project("{FAE04EC0-301F-11D3-BF4B-00C04F79EFBC}") = "Indexers", "Indexers\Indexers.csproj", "{03EFAC76-A7C3-499A-B37F-4D5DF5E7CC06}"
EndProject
Project("{FAE04EC0-301F-11D3-BF4B-00C04F79EFBC}") = "MultiDimentionalIndexer", "MultiDimentionalIndexer\MultiDimentionalIndexer.csproj", "{CACE6615-7F93-4F1B-AC6E-A6CE0857046F}"
EndProject
Project("{FAE04EC0-301F-11D3-BF4B-00C04F79EFBC}") = "OtherExample", "OtherExample\OtherExample.csproj", "{C38DFF50-B72D-4FED-B572-03A109731EDE}"
EndProject
Project("{FAE04EC0-301F-11D3-BF4B-00C04F79EFBC}") = "IndexerWithString", "IndexerWithString\IndexerWithString.csproj", "{928AA3E4-8B94-4CDA-900D-7E33D6673225}"
EndProject
Global
	GlobalSection(SolutionConfigurationPlatforms) = preSolution
		Debug|Any CPU = Debug|Any CPU
		Release|Any CPU = Release|Any CPU
	EndGlobalSection
	GlobalSection(ProjectConfigurationPlatforms) = postSolution
		{03EFAC76-A7C3-499A-B37F-4D5DF5E7CC06}.Debug|Any CPU.ActiveCfg = Debug|Any CPU
		{03EFAC76-A7C3-499A-B37F-4D5DF5E7CC06}.Debug|Any CPU.Build.0 = Debug|Any CPU
		{03EFAC76-A7C3-499A-B37F-4D5DF5E7CC06}.Release|Any CPU.ActiveCfg = Release|Any CPU
		{03EFAC76-A7C3-499A-B37F-4D5DF5E7CC06}.Release|Any CPU.Build.0 = Release|Any CPU
		{CACE6615-7F93-4F1B-AC6E-A6CE0857046F}.Debug|Any CPU.ActiveCfg = Debug|Any CPU
		{CACE6615-7F93-4F1B-AC6E-A6CE0857046F}.Debug|Any CPU.Build.0 = Debug|Any CPU
		{CACE6615-7F93-4F1B-AC6E-A6CE0857046F}.Release|Any CPU.ActiveCfg = Release|Any CPU
		{CACE6615-7F93-4F1B-AC6E-A6CE0857046F}.Release|Any CPU.Build.0 = Release|Any CPU
		{C38DFF50-B72D-4FED-B572-03A109731EDE}.Debug|Any CPU.ActiveCfg = Debug|Any CPU
		{C38DFF50-B72D-4FED-B572-03A109731EDE}.Debug|Any CPU.Build.0 = Debug|Any CPU
		{C38DFF50-B72D-4FED-B572-03A109731EDE}.Release|Any CPU.ActiveCfg = Release|Any CPU
		{C38DFF50-B72D-4FED-B572-03A109731EDE}.Release|Any CPU.Build.0 = Release|Any CPU
		{928AA3E4-8B94-4CDA-900D-7E33D6673225}.Debug|Any CPU.ActiveCfg = Debug|Any CPU
		{928AA3E4-8B94-4CDA-900D-7E33D6673225}.Debug|Any CPU.Build.0 = Debug|Any CPU
		{928AA3E4-8B94-4CDA-900D-7E33D6673225}.Release|Any CPU.ActiveCfg = Release|Any CPU
		{928AA3E4-8B94-4CDA-900D-7E33D6673225}.Release|Any CPU.Build.0 = Release|Any CPU
	EndGlobalSection
	GlobalSection(SolutionProperties) = preSolution
		HideSolutionNode = FALSE
	EndGlobalSection
	GlobalSection(ExtensibilityGlobals) = postSolution
		SolutionGuid = {BFF4FC81-EAE3-4290-86F9-C06678ACC11F}
	EndGlobalSection
EndGlobal
