
Microsoft Visual Studio Solution File, Format Version 12.00
# Visual Studio Version 17
VisualStudioVersion = 17.10.35027.167
MinimumVisualStudioVersion = 10.0.40219.1
Project("{FAE04EC0-301F-11D3-BF4B-00C04F79EFBC}") = "FirstWebApp_08_22", "FirstWebApp_08_22\FirstWebApp_08_22.csproj", "{78B1738A-E243-41CA-9025-C829D775EAC1}"
EndProject
Global
	GlobalSection(SolutionConfigurationPlatforms) = preSolution
		Debug|Any CPU = Debug|Any CPU
		Release|Any CPU = Release|Any CPU
	EndGlobalSection
	GlobalSection(ProjectConfigurationPlatforms) = postSolution
		{78B1738A-E243-41CA-9025-C829D775EAC1}.Debug|Any CPU.ActiveCfg = Debug|Any CPU
		{78B1738A-E243-41CA-9025-C829D775EAC1}.Debug|Any CPU.Build.0 = Debug|Any CPU
		{78B1738A-E243-41CA-9025-C829D775EAC1}.Release|Any CPU.ActiveCfg = Release|Any CPU
		{78B1738A-E243-41CA-9025-C829D775EAC1}.Release|Any CPU.Build.0 = Release|Any CPU
	EndGlobalSection
	GlobalSection(SolutionProperties) = preSolution
		HideSolutionNode = FALSE
	EndGlobalSection
	GlobalSection(ExtensibilityGlobals) = postSolution
		SolutionGuid = {DAA0F63D-D54F-4596-90F8-1427C2BA8668}
	EndGlobalSection
EndGlobal
