
Microsoft Visual Studio Solution File, Format Version 12.00
# Visual Studio Version 17
VisualStudioVersion = 17.10.35027.167
MinimumVisualStudioVersion = 10.0.40219.1
Project("{FAE04EC0-301F-11D3-BF4B-00C04F79EFBC}") = "XUnitTestingExample", "XUnitTestingExample\XUnitTestingExample.csproj", "{13E07B63-7255-4B4C-86BA-86D47D9ABC36}"
EndProject
Project("{FAE04EC0-301F-11D3-BF4B-00C04F79EFBC}") = "XUnitTestingExample.Test", "XUnitTestingExample.Test\XUnitTestingExample.Test.csproj", "{EE068E24-DE4D-454C-85BB-018CFC74C3F7}"
EndProject
Global
	GlobalSection(SolutionConfigurationPlatforms) = preSolution
		Debug|Any CPU = Debug|Any CPU
		Release|Any CPU = Release|Any CPU
	EndGlobalSection
	GlobalSection(ProjectConfigurationPlatforms) = postSolution
		{13E07B63-7255-4B4C-86BA-86D47D9ABC36}.Debug|Any CPU.ActiveCfg = Debug|Any CPU
		{13E07B63-7255-4B4C-86BA-86D47D9ABC36}.Debug|Any CPU.Build.0 = Debug|Any CPU
		{13E07B63-7255-4B4C-86BA-86D47D9ABC36}.Release|Any CPU.ActiveCfg = Release|Any CPU
		{13E07B63-7255-4B4C-86BA-86D47D9ABC36}.Release|Any CPU.Build.0 = Release|Any CPU
		{EE068E24-DE4D-454C-85BB-018CFC74C3F7}.Debug|Any CPU.ActiveCfg = Debug|Any CPU
		{EE068E24-DE4D-454C-85BB-018CFC74C3F7}.Debug|Any CPU.Build.0 = Debug|Any CPU
		{EE068E24-DE4D-454C-85BB-018CFC74C3F7}.Release|Any CPU.ActiveCfg = Release|Any CPU
		{EE068E24-DE4D-454C-85BB-018CFC74C3F7}.Release|Any CPU.Build.0 = Release|Any CPU
	EndGlobalSection
	GlobalSection(SolutionProperties) = preSolution
		HideSolutionNode = FALSE
	EndGlobalSection
	GlobalSection(ExtensibilityGlobals) = postSolution
		SolutionGuid = {29CC9ED4-0C4F-4B1C-9734-F7C88CBAEB42}
	EndGlobalSection
EndGlobal
