
Microsoft Visual Studio Solution File, Format Version 12.00
# Visual Studio Version 17
VisualStudioVersion = 17.10.35027.167
MinimumVisualStudioVersion = 10.0.40219.1
Project("{FAE04EC0-301F-11D3-BF4B-00C04F79EFBC}") = "Singlton", "Singlton\Singlton.csproj", "{B44CF007-6039-4D18-B9F6-56F46A6C4934}"
EndProject
Project("{FAE04EC0-301F-11D3-BF4B-00C04F79EFBC}") = "FactoryMethod", "FactoryMethod\FactoryMethod.csproj", "{BFFE78E0-F7C4-4832-ABFC-C4F6688AF594}"
EndProject
Project("{FAE04EC0-301F-11D3-BF4B-00C04F79EFBC}") = "AbstractFactory", "AbstractFactory\AbstractFactory.csproj", "{DDCE000C-B96D-4D10-9C1C-37E449A9053F}"
EndProject
Project("{FAE04EC0-301F-11D3-BF4B-00C04F79EFBC}") = "BuilderPattern", "BuilderPattern\BuilderPattern.csproj", "{7AFD1219-5465-4889-B2CE-52C86AF44137}"
EndProject
Project("{FAE04EC0-301F-11D3-BF4B-00C04F79EFBC}") = "PrototypePattern_08_14", "PrototypePattern_08_14\PrototypePattern_08_14.csproj", "{F89F8CF1-4423-408F-BE4D-34DC76F8DA59}"
EndProject
Global
	GlobalSection(SolutionConfigurationPlatforms) = preSolution
		Debug|Any CPU = Debug|Any CPU
		Release|Any CPU = Release|Any CPU
	EndGlobalSection
	GlobalSection(ProjectConfigurationPlatforms) = postSolution
		{B44CF007-6039-4D18-B9F6-56F46A6C4934}.Debug|Any CPU.ActiveCfg = Debug|Any CPU
		{B44CF007-6039-4D18-B9F6-56F46A6C4934}.Debug|Any CPU.Build.0 = Debug|Any CPU
		{B44CF007-6039-4D18-B9F6-56F46A6C4934}.Release|Any CPU.ActiveCfg = Release|Any CPU
		{B44CF007-6039-4D18-B9F6-56F46A6C4934}.Release|Any CPU.Build.0 = Release|Any CPU
		{BFFE78E0-F7C4-4832-ABFC-C4F6688AF594}.Debug|Any CPU.ActiveCfg = Debug|Any CPU
		{BFFE78E0-F7C4-4832-ABFC-C4F6688AF594}.Debug|Any CPU.Build.0 = Debug|Any CPU
		{BFFE78E0-F7C4-4832-ABFC-C4F6688AF594}.Release|Any CPU.ActiveCfg = Release|Any CPU
		{BFFE78E0-F7C4-4832-ABFC-C4F6688AF594}.Release|Any CPU.Build.0 = Release|Any CPU
		{DDCE000C-B96D-4D10-9C1C-37E449A9053F}.Debug|Any CPU.ActiveCfg = Debug|Any CPU
		{DDCE000C-B96D-4D10-9C1C-37E449A9053F}.Debug|Any CPU.Build.0 = Debug|Any CPU
		{DDCE000C-B96D-4D10-9C1C-37E449A9053F}.Release|Any CPU.ActiveCfg = Release|Any CPU
		{DDCE000C-B96D-4D10-9C1C-37E449A9053F}.Release|Any CPU.Build.0 = Release|Any CPU
		{7AFD1219-5465-4889-B2CE-52C86AF44137}.Debug|Any CPU.ActiveCfg = Debug|Any CPU
		{7AFD1219-5465-4889-B2CE-52C86AF44137}.Debug|Any CPU.Build.0 = Debug|Any CPU
		{7AFD1219-5465-4889-B2CE-52C86AF44137}.Release|Any CPU.ActiveCfg = Release|Any CPU
		{7AFD1219-5465-4889-B2CE-52C86AF44137}.Release|Any CPU.Build.0 = Release|Any CPU
		{F89F8CF1-4423-408F-BE4D-34DC76F8DA59}.Debug|Any CPU.ActiveCfg = Debug|Any CPU
		{F89F8CF1-4423-408F-BE4D-34DC76F8DA59}.Debug|Any CPU.Build.0 = Debug|Any CPU
		{F89F8CF1-4423-408F-BE4D-34DC76F8DA59}.Release|Any CPU.ActiveCfg = Release|Any CPU
		{F89F8CF1-4423-408F-BE4D-34DC76F8DA59}.Release|Any CPU.Build.0 = Release|Any CPU
	EndGlobalSection
	GlobalSection(SolutionProperties) = preSolution
		HideSolutionNode = FALSE
	EndGlobalSection
	GlobalSection(ExtensibilityGlobals) = postSolution
		SolutionGuid = {088240A1-E23B-49A9-A7EF-EB2FA5867A61}
	EndGlobalSection
EndGlobal
