
Microsoft Visual Studio Solution File, Format Version 12.00
# Visual Studio Version 17
VisualStudioVersion = 17.10.35027.167
MinimumVisualStudioVersion = 10.0.40219.1
Project("{FAE04EC0-301F-11D3-BF4B-00C04F79EFBC}") = "multiDArray", "multiDArray\multiDArray.csproj", "{07D69CA1-CB70-4FE4-8DB6-706CE2CEB2D0}"
EndProject
Global
	GlobalSection(SolutionConfigurationPlatforms) = preSolution
		Debug|Any CPU = Debug|Any CPU
		Release|Any CPU = Release|Any CPU
	EndGlobalSection
	GlobalSection(ProjectConfigurationPlatforms) = postSolution
		{07D69CA1-CB70-4FE4-8DB6-706CE2CEB2D0}.Debug|Any CPU.ActiveCfg = Debug|Any CPU
		{07D69CA1-CB70-4FE4-8DB6-706CE2CEB2D0}.Debug|Any CPU.Build.0 = Debug|Any CPU
		{07D69CA1-CB70-4FE4-8DB6-706CE2CEB2D0}.Release|Any CPU.ActiveCfg = Release|Any CPU
		{07D69CA1-CB70-4FE4-8DB6-706CE2CEB2D0}.Release|Any CPU.Build.0 = Release|Any CPU
	EndGlobalSection
	GlobalSection(SolutionProperties) = preSolution
		HideSolutionNode = FALSE
	EndGlobalSection
	GlobalSection(ExtensibilityGlobals) = postSolution
		SolutionGuid = {81DC0822-3C3F-45DB-A5B0-70DC57A7CD13}
	EndGlobalSection
EndGlobal
