
Microsoft Visual Studio Solution File, Format Version 12.00
# Visual Studio Version 17
VisualStudioVersion = 17.10.35027.167
MinimumVisualStudioVersion = 10.0.40219.1
Project("{FAE04EC0-301F-11D3-BF4B-00C04F79EFBC}") = "EmployeeManagment", "EmployeeManagment\EmployeeManagment.csproj", "{27E40C2F-74C9-49AD-ABE6-2FB3927D50BE}"
EndProject
Global
	GlobalSection(SolutionConfigurationPlatforms) = preSolution
		Debug|Any CPU = Debug|Any CPU
		Release|Any CPU = Release|Any CPU
	EndGlobalSection
	GlobalSection(ProjectConfigurationPlatforms) = postSolution
		{27E40C2F-74C9-49AD-ABE6-2FB3927D50BE}.Debug|Any CPU.ActiveCfg = Debug|Any CPU
		{27E40C2F-74C9-49AD-ABE6-2FB3927D50BE}.Debug|Any CPU.Build.0 = Debug|Any CPU
		{27E40C2F-74C9-49AD-ABE6-2FB3927D50BE}.Release|Any CPU.ActiveCfg = Release|Any CPU
		{27E40C2F-74C9-49AD-ABE6-2FB3927D50BE}.Release|Any CPU.Build.0 = Release|Any CPU
	EndGlobalSection
	GlobalSection(SolutionProperties) = preSolution
		HideSolutionNode = FALSE
	EndGlobalSection
	GlobalSection(ExtensibilityGlobals) = postSolution
		SolutionGuid = {D243F6B6-D421-45BE-A77A-D4AB179E62AA}
	EndGlobalSection
EndGlobal
