
Microsoft Visual Studio Solution File, Format Version 12.00
# Visual Studio Version 17
VisualStudioVersion = 17.10.35027.167
MinimumVisualStudioVersion = 10.0.40219.1
Project("{FAE04EC0-301F-11D3-BF4B-00C04F79EFBC}") = "WebApplication", "WebApplication\WebApplication.csproj", "{607956AF-8178-43D5-9EDC-F7C4267B6FBC}"
EndProject
Global
	GlobalSection(SolutionConfigurationPlatforms) = preSolution
		Debug|Any CPU = Debug|Any CPU
		Release|Any CPU = Release|Any CPU
	EndGlobalSection
	GlobalSection(ProjectConfigurationPlatforms) = postSolution
		{607956AF-8178-43D5-9EDC-F7C4267B6FBC}.Debug|Any CPU.ActiveCfg = Debug|Any CPU
		{607956AF-8178-43D5-9EDC-F7C4267B6FBC}.Debug|Any CPU.Build.0 = Debug|Any CPU
		{607956AF-8178-43D5-9EDC-F7C4267B6FBC}.Release|Any CPU.ActiveCfg = Release|Any CPU
		{607956AF-8178-43D5-9EDC-F7C4267B6FBC}.Release|Any CPU.Build.0 = Release|Any CPU
	EndGlobalSection
	GlobalSection(SolutionProperties) = preSolution
		HideSolutionNode = FALSE
	EndGlobalSection
	GlobalSection(ExtensibilityGlobals) = postSolution
		SolutionGuid = {093D3E18-B39A-41AD-AF11-2A2B432C7A05}
	EndGlobalSection
EndGlobal
